
Microsoft Visual Studio Solution File, Format Version 12.00
# Visual Studio Version 17
VisualStudioVersion = 17.10.35013.160
MinimumVisualStudioVersion = 10.0.40219.1
Project("{2150E333-8FDC-42A3-9474-1A3956D46DE8}") = "src", "src", "{89FDB04B-44EC-4C10-ABA5-A739C99F3367}"
EndProject
Project("{2150E333-8FDC-42A3-9474-1A3956D46DE8}") = "Services", "Services", "{2B688400-3980-4866-AAE8-FF9CA0DE1ECE}"
EndProject
Project("{2150E333-8FDC-42A3-9474-1A3956D46DE8}") = "Web", "Web", "{BFBE180F-3DBB-4EB9-97BC-C32B2A162940}"
EndProject
Project("{2150E333-8FDC-42A3-9474-1A3956D46DE8}") = "BuildingBlocks", "BuildingBlocks", "{5BBD5900-D11A-42F4-971F-ED4889DB872A}"
EndProject
Project("{2150E333-8FDC-42A3-9474-1A3956D46DE8}") = "Identity", "Identity", "{6DFD1DAB-6084-4352-886A-A3DC99280FDA}"
EndProject
Project("{2150E333-8FDC-42A3-9474-1A3956D46DE8}") = "MVC", "MVC", "{638496B7-36E3-4DAC-958F-14BC00E14BB8}"
EndProject
Project("{9A19103F-16F7-4668-BE54-9A1E7A4F7556}") = "NerdStoreEntripese.WebApp.MVC", "src\Web\NerdStoreEntripese.WebApp.MVC\NerdStoreEntripese.WebApp.MVC.csproj", "{91A5831D-3BE8-418B-89C2-C30537330510}"
EndProject
Project("{2150E333-8FDC-42A3-9474-1A3956D46DE8}") = "Core", "Core", "{3EC3EA21-7D2E-465D-9771-8EC1E03EE27D}"
EndProject
Project("{9A19103F-16F7-4668-BE54-9A1E7A4F7556}") = "NerdStoreEnterprise.Core", "src\BuildingBlocks\NerdStoreEnterprise.Core\NerdStoreEnterprise.Core.csproj", "{354006C1-3996-4B84-8DBF-4288D65C27C5}"
EndProject
Project("{2150E333-8FDC-42A3-9474-1A3956D46DE8}") = "Cart", "Cart", "{26E12520-C420-4B3B-861B-4F1448A04F9E}"
EndProject
Project("{2150E333-8FDC-42A3-9474-1A3956D46DE8}") = "Payment", "Payment", "{808E93BA-C745-45B9-89A2-9BAD388847B7}"
EndProject
Project("{2150E333-8FDC-42A3-9474-1A3956D46DE8}") = "Catalog", "Catalog", "{044DF9E3-99FC-47FE-9E72-013ECD6256B5}"
EndProject
Project("{2150E333-8FDC-42A3-9474-1A3956D46DE8}") = "Client", "Client", "{7384ED06-C6E0-4167-8062-9BD455B6789B}"
EndProject
Project("{2150E333-8FDC-42A3-9474-1A3956D46DE8}") = "Order", "Order", "{C2D007CD-0024-4F53-A0F5-4CC1201BA179}"
EndProject
Project("{9A19103F-16F7-4668-BE54-9A1E7A4F7556}") = "NerdStoreEnterprise.Cart.Api", "src\Services\Cart\NerdStoreEnterprise.Cart.Api\NerdStoreEnterprise.Cart.Api.csproj", "{6D1A4A22-E54F-47C3-8CC6-3CD50B6E7E9B}"
EndProject
Project("{9A19103F-16F7-4668-BE54-9A1E7A4F7556}") = "NerdStoreEnterprise.Catalog.Api", "src\Services\Catalog\NerdStoreEnterprise.Catalog.Api\NerdStoreEnterprise.Catalog.Api.csproj", "{5EB6E6CD-79B6-4DF1-9C05-D8F71B528DE9}"
EndProject
Project("{9A19103F-16F7-4668-BE54-9A1E7A4F7556}") = "NerdStoreEnterprise.Client.Api", "src\Services\Client\NerdStoreEnterprise.Client.Api\NerdStoreEnterprise.Client.Api.csproj", "{137BA23B-39DC-4B83-8F5C-2429C03CB753}"
EndProject
Project("{9A19103F-16F7-4668-BE54-9A1E7A4F7556}") = "NerdStoreEnterprise.Identity.Api", "src\Services\Identity\NerdStoreEnterprise.Identity.Api\NerdStoreEnterprise.Identity.Api.csproj", "{405225EB-0D2E-4285-812A-E2C3BA11E5AC}"
EndProject
Project("{9A19103F-16F7-4668-BE54-9A1E7A4F7556}") = "NerdStoreEnterprise.Order.Api", "src\Services\Order\NerdStoreEnterprise.Order.Api\NerdStoreEnterprise.Order.Api.csproj", "{F49A6C68-05B5-4146-A4E6-023D9016DE96}"
EndProject
Project("{9A19103F-16F7-4668-BE54-9A1E7A4F7556}") = "NerdStoreEnterprise.Payment.Api", "src\Services\Payment\NerdStoreEnterprise.Payment.Api\NerdStoreEnterprise.Payment.Api.csproj", "{2FBEA8FE-37E8-457E-9179-85E21BC4972C}"
EndProject
Project("{9A19103F-16F7-4668-BE54-9A1E7A4F7556}") = "NerdStoreEnterprise.Identity.ConfigurationService", "src\Services\Identity\NerdStoreEnterprise.Identity.ConfigurationService\NerdStoreEnterprise.Identity.ConfigurationService.csproj", "{715FEC7B-D7E7-499E-B9C1-E3DBAD462D45}"
EndProject
Project("{9A19103F-16F7-4668-BE54-9A1E7A4F7556}") = "NerdStoreEnterprise.Identity.Data", "src\Services\Identity\NerdStoreEnterprise.Identity.Data\NerdStoreEnterprise.Identity.Data.csproj", "{ADB2AD25-4078-45A4-B2D6-28691DCEF163}"
EndProject
Project("{9A19103F-16F7-4668-BE54-9A1E7A4F7556}") = "NerdStoreEnterprise.Catalog.Business", "src\Services\Catalog\NerdStoreEnterprise.Catalog.Business\NerdStoreEnterprise.Catalog.Business.csproj", "{DB1B5F02-14B3-48D9-B060-8401B01AF45E}"
EndProject
Project("{9A19103F-16F7-4668-BE54-9A1E7A4F7556}") = "NerdStoreEnterprise.Catalog.Infraestructure", "src\Services\Catalog\NerdStoreEnterprise.Catalog.Infraestructure\NerdStoreEnterprise.Catalog.Infraestructure.csproj", "{57DC5BB2-2093-4582-A202-5CC4E79542AF}"
EndProject
Project("{2150E333-8FDC-42A3-9474-1A3956D46DE8}") = "Services", "Services", "{7C645605-C2E4-4628-8A5C-93C0287F0547}"
EndProject
Project("{FAE04EC0-301F-11D3-BF4B-00C04F79EFBC}") = "NerdStoreEnterprise.Services", "src\BuildingBlocks\NerdStoreEnterprise.Services\NerdStoreEnterprise.Services.csproj", "{122FFA9C-FA47-47DD-B03E-25E95A3A07C1}"
EndProject
Global
	GlobalSection(SolutionConfigurationPlatforms) = preSolution
		Debug|Any CPU = Debug|Any CPU
		Release|Any CPU = Release|Any CPU
	EndGlobalSection
	GlobalSection(ProjectConfigurationPlatforms) = postSolution
		{91A5831D-3BE8-418B-89C2-C30537330510}.Debug|Any CPU.ActiveCfg = Debug|Any CPU
		{91A5831D-3BE8-418B-89C2-C30537330510}.Debug|Any CPU.Build.0 = Debug|Any CPU
		{91A5831D-3BE8-418B-89C2-C30537330510}.Release|Any CPU.ActiveCfg = Release|Any CPU
		{91A5831D-3BE8-418B-89C2-C30537330510}.Release|Any CPU.Build.0 = Release|Any CPU
		{354006C1-3996-4B84-8DBF-4288D65C27C5}.Debug|Any CPU.ActiveCfg = Debug|Any CPU
		{354006C1-3996-4B84-8DBF-4288D65C27C5}.Debug|Any CPU.Build.0 = Debug|Any CPU
		{354006C1-3996-4B84-8DBF-4288D65C27C5}.Release|Any CPU.ActiveCfg = Release|Any CPU
		{354006C1-3996-4B84-8DBF-4288D65C27C5}.Release|Any CPU.Build.0 = Release|Any CPU
		{6D1A4A22-E54F-47C3-8CC6-3CD50B6E7E9B}.Debug|Any CPU.ActiveCfg = Debug|Any CPU
		{6D1A4A22-E54F-47C3-8CC6-3CD50B6E7E9B}.Debug|Any CPU.Build.0 = Debug|Any CPU
		{6D1A4A22-E54F-47C3-8CC6-3CD50B6E7E9B}.Release|Any CPU.ActiveCfg = Release|Any CPU
		{6D1A4A22-E54F-47C3-8CC6-3CD50B6E7E9B}.Release|Any CPU.Build.0 = Release|Any CPU
		{5EB6E6CD-79B6-4DF1-9C05-D8F71B528DE9}.Debug|Any CPU.ActiveCfg = Debug|Any CPU
		{5EB6E6CD-79B6-4DF1-9C05-D8F71B528DE9}.Debug|Any CPU.Build.0 = Debug|Any CPU
		{5EB6E6CD-79B6-4DF1-9C05-D8F71B528DE9}.Release|Any CPU.ActiveCfg = Release|Any CPU
		{5EB6E6CD-79B6-4DF1-9C05-D8F71B528DE9}.Release|Any CPU.Build.0 = Release|Any CPU
		{137BA23B-39DC-4B83-8F5C-2429C03CB753}.Debug|Any CPU.ActiveCfg = Debug|Any CPU
		{137BA23B-39DC-4B83-8F5C-2429C03CB753}.Debug|Any CPU.Build.0 = Debug|Any CPU
		{137BA23B-39DC-4B83-8F5C-2429C03CB753}.Release|Any CPU.ActiveCfg = Release|Any CPU
		{137BA23B-39DC-4B83-8F5C-2429C03CB753}.Release|Any CPU.Build.0 = Release|Any CPU
		{405225EB-0D2E-4285-812A-E2C3BA11E5AC}.Debug|Any CPU.ActiveCfg = Debug|Any CPU
		{405225EB-0D2E-4285-812A-E2C3BA11E5AC}.Debug|Any CPU.Build.0 = Debug|Any CPU
		{405225EB-0D2E-4285-812A-E2C3BA11E5AC}.Release|Any CPU.ActiveCfg = Release|Any CPU
		{405225EB-0D2E-4285-812A-E2C3BA11E5AC}.Release|Any CPU.Build.0 = Release|Any CPU
		{F49A6C68-05B5-4146-A4E6-023D9016DE96}.Debug|Any CPU.ActiveCfg = Debug|Any CPU
		{F49A6C68-05B5-4146-A4E6-023D9016DE96}.Debug|Any CPU.Build.0 = Debug|Any CPU
		{F49A6C68-05B5-4146-A4E6-023D9016DE96}.Release|Any CPU.ActiveCfg = Release|Any CPU
		{F49A6C68-05B5-4146-A4E6-023D9016DE96}.Release|Any CPU.Build.0 = Release|Any CPU
		{2FBEA8FE-37E8-457E-9179-85E21BC4972C}.Debug|Any CPU.ActiveCfg = Debug|Any CPU
		{2FBEA8FE-37E8-457E-9179-85E21BC4972C}.Debug|Any CPU.Build.0 = Debug|Any CPU
		{2FBEA8FE-37E8-457E-9179-85E21BC4972C}.Release|Any CPU.ActiveCfg = Release|Any CPU
		{2FBEA8FE-37E8-457E-9179-85E21BC4972C}.Release|Any CPU.Build.0 = Release|Any CPU
		{715FEC7B-D7E7-499E-B9C1-E3DBAD462D45}.Debug|Any CPU.ActiveCfg = Debug|Any CPU
		{715FEC7B-D7E7-499E-B9C1-E3DBAD462D45}.Debug|Any CPU.Build.0 = Debug|Any CPU
		{715FEC7B-D7E7-499E-B9C1-E3DBAD462D45}.Release|Any CPU.ActiveCfg = Release|Any CPU
		{715FEC7B-D7E7-499E-B9C1-E3DBAD462D45}.Release|Any CPU.Build.0 = Release|Any CPU
		{ADB2AD25-4078-45A4-B2D6-28691DCEF163}.Debug|Any CPU.ActiveCfg = Debug|Any CPU
		{ADB2AD25-4078-45A4-B2D6-28691DCEF163}.Debug|Any CPU.Build.0 = Debug|Any CPU
		{ADB2AD25-4078-45A4-B2D6-28691DCEF163}.Release|Any CPU.ActiveCfg = Release|Any CPU
		{ADB2AD25-4078-45A4-B2D6-28691DCEF163}.Release|Any CPU.Build.0 = Release|Any CPU
		{DB1B5F02-14B3-48D9-B060-8401B01AF45E}.Debug|Any CPU.ActiveCfg = Debug|Any CPU
		{DB1B5F02-14B3-48D9-B060-8401B01AF45E}.Debug|Any CPU.Build.0 = Debug|Any CPU
		{DB1B5F02-14B3-48D9-B060-8401B01AF45E}.Release|Any CPU.ActiveCfg = Release|Any CPU
		{DB1B5F02-14B3-48D9-B060-8401B01AF45E}.Release|Any CPU.Build.0 = Release|Any CPU
		{57DC5BB2-2093-4582-A202-5CC4E79542AF}.Debug|Any CPU.ActiveCfg = Debug|Any CPU
		{57DC5BB2-2093-4582-A202-5CC4E79542AF}.Debug|Any CPU.Build.0 = Debug|Any CPU
		{57DC5BB2-2093-4582-A202-5CC4E79542AF}.Release|Any CPU.ActiveCfg = Release|Any CPU
		{57DC5BB2-2093-4582-A202-5CC4E79542AF}.Release|Any CPU.Build.0 = Release|Any CPU
		{122FFA9C-FA47-47DD-B03E-25E95A3A07C1}.Debug|Any CPU.ActiveCfg = Debug|Any CPU
		{122FFA9C-FA47-47DD-B03E-25E95A3A07C1}.Debug|Any CPU.Build.0 = Debug|Any CPU
		{122FFA9C-FA47-47DD-B03E-25E95A3A07C1}.Release|Any CPU.ActiveCfg = Release|Any CPU
		{122FFA9C-FA47-47DD-B03E-25E95A3A07C1}.Release|Any CPU.Build.0 = Release|Any CPU
	EndGlobalSection
	GlobalSection(SolutionProperties) = preSolution
		HideSolutionNode = FALSE
	EndGlobalSection
	GlobalSection(NestedProjects) = preSolution
		{2B688400-3980-4866-AAE8-FF9CA0DE1ECE} = {89FDB04B-44EC-4C10-ABA5-A739C99F3367}
		{BFBE180F-3DBB-4EB9-97BC-C32B2A162940} = {89FDB04B-44EC-4C10-ABA5-A739C99F3367}
		{5BBD5900-D11A-42F4-971F-ED4889DB872A} = {89FDB04B-44EC-4C10-ABA5-A739C99F3367}
		{6DFD1DAB-6084-4352-886A-A3DC99280FDA} = {2B688400-3980-4866-AAE8-FF9CA0DE1ECE}
		{638496B7-36E3-4DAC-958F-14BC00E14BB8} = {BFBE180F-3DBB-4EB9-97BC-C32B2A162940}
		{91A5831D-3BE8-418B-89C2-C30537330510} = {638496B7-36E3-4DAC-958F-14BC00E14BB8}
		{3EC3EA21-7D2E-465D-9771-8EC1E03EE27D} = {5BBD5900-D11A-42F4-971F-ED4889DB872A}
		{354006C1-3996-4B84-8DBF-4288D65C27C5} = {3EC3EA21-7D2E-465D-9771-8EC1E03EE27D}
		{26E12520-C420-4B3B-861B-4F1448A04F9E} = {2B688400-3980-4866-AAE8-FF9CA0DE1ECE}
		{808E93BA-C745-45B9-89A2-9BAD388847B7} = {2B688400-3980-4866-AAE8-FF9CA0DE1ECE}
		{044DF9E3-99FC-47FE-9E72-013ECD6256B5} = {2B688400-3980-4866-AAE8-FF9CA0DE1ECE}
		{7384ED06-C6E0-4167-8062-9BD455B6789B} = {2B688400-3980-4866-AAE8-FF9CA0DE1ECE}
		{C2D007CD-0024-4F53-A0F5-4CC1201BA179} = {2B688400-3980-4866-AAE8-FF9CA0DE1ECE}
		{6D1A4A22-E54F-47C3-8CC6-3CD50B6E7E9B} = {26E12520-C420-4B3B-861B-4F1448A04F9E}
		{5EB6E6CD-79B6-4DF1-9C05-D8F71B528DE9} = {044DF9E3-99FC-47FE-9E72-013ECD6256B5}
		{137BA23B-39DC-4B83-8F5C-2429C03CB753} = {7384ED06-C6E0-4167-8062-9BD455B6789B}
		{405225EB-0D2E-4285-812A-E2C3BA11E5AC} = {6DFD1DAB-6084-4352-886A-A3DC99280FDA}
		{F49A6C68-05B5-4146-A4E6-023D9016DE96} = {C2D007CD-0024-4F53-A0F5-4CC1201BA179}
		{2FBEA8FE-37E8-457E-9179-85E21BC4972C} = {808E93BA-C745-45B9-89A2-9BAD388847B7}
		{715FEC7B-D7E7-499E-B9C1-E3DBAD462D45} = {6DFD1DAB-6084-4352-886A-A3DC99280FDA}
		{ADB2AD25-4078-45A4-B2D6-28691DCEF163} = {6DFD1DAB-6084-4352-886A-A3DC99280FDA}
		{DB1B5F02-14B3-48D9-B060-8401B01AF45E} = {044DF9E3-99FC-47FE-9E72-013ECD6256B5}
		{57DC5BB2-2093-4582-A202-5CC4E79542AF} = {044DF9E3-99FC-47FE-9E72-013ECD6256B5}
		{7C645605-C2E4-4628-8A5C-93C0287F0547} = {5BBD5900-D11A-42F4-971F-ED4889DB872A}
		{122FFA9C-FA47-47DD-B03E-25E95A3A07C1} = {7C645605-C2E4-4628-8A5C-93C0287F0547}
	EndGlobalSection
	GlobalSection(ExtensibilityGlobals) = postSolution
		SolutionGuid = {305F1F22-8B06-48DB-BEEA-C06277CCB44E}
	EndGlobalSection
EndGlobal
